// !$*UTF8*$!
{
	archiveVersion = 1;
	classes = {
	};
	objectVersion = 50;
	objects = {

/* Begin PBXBuildFile section */
		15E4A6BF22223E1500DA4F63 /* AppDelegate.swift in Sources */ = {isa = PBXBuildFile; fileRef = 15E4A6BE22223E1500DA4F63 /* AppDelegate.swift */; };
		15E4A6C122223E1500DA4F63 /* ViewController.swift in Sources */ = {isa = PBXBuildFile; fileRef = 15E4A6C022223E1500DA4F63 /* ViewController.swift */; };
		15E4A6C422223E1500DA4F63 /* Main.storyboard in Resources */ = {isa = PBXBuildFile; fileRef = 15E4A6C222223E1500DA4F63 /* Main.storyboard */; };
		15E4A6C622223E1700DA4F63 /* Assets.xcassets in Resources */ = {isa = PBXBuildFile; fileRef = 15E4A6C522223E1700DA4F63 /* Assets.xcassets */; };
		15E4A6C922223E1700DA4F63 /* LaunchScreen.storyboard in Resources */ = {isa = PBXBuildFile; fileRef = 15E4A6C722223E1700DA4F63 /* LaunchScreen.storyboard */; };
		15E4A6D422223E1700DA4F63 /* FlixsterTests.swift in Sources */ = {isa = PBXBuildFile; fileRef = 15E4A6D322223E1700DA4F63 /* FlixsterTests.swift */; };
		15E4A6DF22223E1700DA4F63 /* FlixsterUITests.swift in Sources */ = {isa = PBXBuildFile; fileRef = 15E4A6DE22223E1700DA4F63 /* FlixsterUITests.swift */; };
/* End PBXBuildFile section */

/* Begin PBXContainerItemProxy section */
		15E4A6D022223E1700DA4F63 /* PBXContainerItemProxy */ = {
			isa = PBXContainerItemProxy;
			containerPortal = 15E4A6B322223E1500DA4F63 /* Project object */;
			proxyType = 1;
			remoteGlobalIDString = 15E4A6BA22223E1500DA4F63;
			remoteInfo = Flixster;
		};
		15E4A6DB22223E1700DA4F63 /* PBXContainerItemProxy */ = {
			isa = PBXContainerItemProxy;
			containerPortal = 15E4A6B322223E1500DA4F63 /* Project object */;
			proxyType = 1;
			remoteGlobalIDString = 15E4A6BA22223E1500DA4F63;
			remoteInfo = Flixster;
		};
/* End PBXContainerItemProxy section */

/* Begin PBXFileReference section */
		15E4A6BB22223E1500DA4F63 /* Flixster.app */ = {isa = PBXFileReference; explicitFileType = wrapper.application; includeInIndex = 0; path = Flixster.app; sourceTree = BUILT_PRODUCTS_DIR; };
		15E4A6BE22223E1500DA4F63 /* AppDelegate.swift */ = {isa = PBXFileReference; lastKnownFileType = sourcecode.swift; path = AppDelegate.swift; sourceTree = "<group>"; };
		15E4A6C022223E1500DA4F63 /* ViewController.swift */ = {isa = PBXFileReference; lastKnownFileType = sourcecode.swift; path = ViewController.swift; sourceTree = "<group>"; };
		15E4A6C322223E1500DA4F63 /* Base */ = {isa = PBXFileReference; lastKnownFileType = file.storyboard; name = Base; path = Base.lproj/Main.storyboard; sourceTree = "<group>"; };
		15E4A6C522223E1700DA4F63 /* Assets.xcassets */ = {isa = PBXFileReference; lastKnownFileType = folder.assetcatalog; path = Assets.xcassets; sourceTree = "<group>"; };
		15E4A6C822223E1700DA4F63 /* Base */ = {isa = PBXFileReference; lastKnownFileType = file.storyboard; name = Base; path = Base.lproj/LaunchScreen.storyboard; sourceTree = "<group>"; };
		15E4A6CA22223E1700DA4F63 /* Info.plist */ = {isa = PBXFileReference; lastKnownFileType = text.plist.xml; path = Info.plist; sourceTree = "<group>"; };
		15E4A6CF22223E1700DA4F63 /* FlixsterTests.xctest */ = {isa = PBXFileReference; explicitFileType = wrapper.cfbundle; includeInIndex = 0; path = FlixsterTests.xctest; sourceTree = BUILT_PRODUCTS_DIR; };
		15E4A6D322223E1700DA4F63 /* FlixsterTests.swift */ = {isa = PBXFileReference; lastKnownFileType = sourcecode.swift; path = FlixsterTests.swift; sourceTree = "<group>"; };
		15E4A6D522223E1700DA4F63 /* Info.plist */ = {isa = PBXFileReference; lastKnownFileType = text.plist.xml; path = Info.plist; sourceTree = "<group>"; };
		15E4A6DA22223E1700DA4F63 /* FlixsterUITests.xctest */ = {isa = PBXFileReference; explicitFileType = wrapper.cfbundle; includeInIndex = 0; path = FlixsterUITests.xctest; sourceTree = BUILT_PRODUCTS_DIR; };
		15E4A6DE22223E1700DA4F63 /* FlixsterUITests.swift */ = {isa = PBXFileReference; lastKnownFileType = sourcecode.swift; path = FlixsterUITests.swift; sourceTree = "<group>"; };
		15E4A6E022223E1700DA4F63 /* Info.plist */ = {isa = PBXFileReference; lastKnownFileType = text.plist.xml; path = Info.plist; sourceTree = "<group>"; };
/* End PBXFileReference section */

/* Begin PBXFrameworksBuildPhase section */
		15E4A6B822223E1500DA4F63 /* Frameworks */ = {
			isa = PBXFrameworksBuildPhase;
			buildActionMask = 2147483647;
			files = (
			);
			runOnlyForDeploymentPostprocessing = 0;
		};
		15E4A6CC22223E1700DA4F63 /* Frameworks */ = {
			isa = PBXFrameworksBuildPhase;
			buildActionMask = 2147483647;
			files = (
			);
			runOnlyForDeploymentPostprocessing = 0;
		};
		15E4A6D722223E1700DA4F63 /* Frameworks */ = {
			isa = PBXFrameworksBuildPhase;
			buildActionMask = 2147483647;
			files = (
			);
			runOnlyForDeploymentPostprocessing = 0;
		};
/* End PBXFrameworksBuildPhase section */

/* Begin PBXGroup section */
		15E4A6B222223E1500DA4F63 = {
			isa = PBXGroup;
			children = (
				15E4A6BD22223E1500DA4F63 /* Flixster */,
				15E4A6D222223E1700DA4F63 /* FlixsterTests */,
				15E4A6DD22223E1700DA4F63 /* FlixsterUITests */,
				15E4A6BC22223E1500DA4F63 /* Products */,
			);
			sourceTree = "<group>";
		};
		15E4A6BC22223E1500DA4F63 /* Products */ = {
			isa = PBXGroup;
			children = (
				15E4A6BB22223E1500DA4F63 /* Flixster.app */,
				15E4A6CF22223E1700DA4F63 /* FlixsterTests.xctest */,
				15E4A6DA22223E1700DA4F63 /* FlixsterUITests.xctest */,
			);
			name = Products;
			sourceTree = "<group>";
		};
		15E4A6BD22223E1500DA4F63 /* Flixster */ = {
			isa = PBXGroup;
			children = (
				15E4A6BE22223E1500DA4F63 /* AppDelegate.swift */,
				15E4A6C022223E1500DA4F63 /* ViewController.swift */,
				15E4A6C222223E1500DA4F63 /* Main.storyboard */,
				15E4A6C522223E1700DA4F63 /* Assets.xcassets */,
				15E4A6C722223E1700DA4F63 /* LaunchScreen.storyboard */,
				15E4A6CA22223E1700DA4F63 /* Info.plist */,
			);
			path = Flixster;
			sourceTree = "<group>";
		};
		15E4A6D222223E1700DA4F63 /* FlixsterTests */ = {
			isa = PBXGroup;
			children = (
				15E4A6D322223E1700DA4F63 /* FlixsterTests.swift */,
				15E4A6D522223E1700DA4F63 /* Info.plist */,
			);
			path = FlixsterTests;
			sourceTree = "<group>";
		};
		15E4A6DD22223E1700DA4F63 /* FlixsterUITests */ = {
			isa = PBXGroup;
			children = (
				15E4A6DE22223E1700DA4F63 /* FlixsterUITests.swift */,
				15E4A6E022223E1700DA4F63 /* Info.plist */,
			);
			path = FlixsterUITests;
			sourceTree = "<group>";
		};
/* End PBXGroup section */

/* Begin PBXNativeTarget section */
		15E4A6BA22223E1500DA4F63 /* Flixster */ = {
			isa = PBXNativeTarget;
			buildConfigurationList = 15E4A6E322223E1700DA4F63 /* Build configuration list for PBXNativeTarget "Flixster" */;
			buildPhases = (
				15E4A6B722223E1500DA4F63 /* Sources */,
				15E4A6B822223E1500DA4F63 /* Frameworks */,
				15E4A6B922223E1500DA4F63 /* Resources */,
			);
			buildRules = (
			);
			dependencies = (
			);
			name = Flixster;
			productName = Flixster;
			productReference = 15E4A6BB22223E1500DA4F63 /* Flixster.app */;
			productType = "com.apple.product-type.application";
		};
		15E4A6CE22223E1700DA4F63 /* FlixsterTests */ = {
			isa = PBXNativeTarget;
			buildConfigurationList = 15E4A6E622223E1700DA4F63 /* Build configuration list for PBXNativeTarget "FlixsterTests" */;
			buildPhases = (
				15E4A6CB22223E1700DA4F63 /* Sources */,
				15E4A6CC22223E1700DA4F63 /* Frameworks */,
				15E4A6CD22223E1700DA4F63 /* Resources */,
			);
			buildRules = (
			);
			dependencies = (
				15E4A6D122223E1700DA4F63 /* PBXTargetDependency */,
			);
			name = FlixsterTests;
			productName = FlixsterTests;
			productReference = 15E4A6CF22223E1700DA4F63 /* FlixsterTests.xctest */;
			productType = "com.apple.product-type.bundle.unit-test";
		};
		15E4A6D922223E1700DA4F63 /* FlixsterUITests */ = {
			isa = PBXNativeTarget;
			buildConfigurationList = 15E4A6E922223E1700DA4F63 /* Build configuration list for PBXNativeTarget "FlixsterUITests" */;
			buildPhases = (
				15E4A6D622223E1700DA4F63 /* Sources */,
				15E4A6D722223E1700DA4F63 /* Frameworks */,
				15E4A6D822223E1700DA4F63 /* Resources */,
			);
			buildRules = (
			);
			dependencies = (
				15E4A6DC22223E1700DA4F63 /* PBXTargetDependency */,
			);
			name = FlixsterUITests;
			productName = FlixsterUITests;
			productReference = 15E4A6DA22223E1700DA4F63 /* FlixsterUITests.xctest */;
			productType = "com.apple.product-type.bundle.ui-testing";
		};
/* End PBXNativeTarget section */

/* Begin PBXProject section */
		15E4A6B322223E1500DA4F63 /* Project object */ = {
			isa = PBXProject;
			attributes = {
				LastSwiftUpdateCheck = 1010;
				LastUpgradeCheck = 1010;
				ORGANIZATIONNAME = "Michelle Abreu";
				TargetAttributes = {
					15E4A6BA22223E1500DA4F63 = {
						CreatedOnToolsVersion = 10.1;
					};
					15E4A6CE22223E1700DA4F63 = {
						CreatedOnToolsVersion = 10.1;
						TestTargetID = 15E4A6BA22223E1500DA4F63;
					};
					15E4A6D922223E1700DA4F63 = {
						CreatedOnToolsVersion = 10.1;
						TestTargetID = 15E4A6BA22223E1500DA4F63;
					};
				};
			};
			buildConfigurationList = 15E4A6B622223E1500DA4F63 /* Build configuration list for PBXProject "Flixster" */;
			compatibilityVersion = "Xcode 9.3";
			developmentRegion = en;
			hasScannedForEncodings = 0;
			knownRegions = (
				en,
				Base,
			);
			mainGroup = 15E4A6B222223E1500DA4F63;
			productRefGroup = 15E4A6BC22223E1500DA4F63 /* Products */;
			projectDirPath = "";
			projectRoot = "";
			targets = (
				15E4A6BA22223E1500DA4F63 /* Flixster */,
				15E4A6CE22223E1700DA4F63 /* FlixsterTests */,
				15E4A6D922223E1700DA4F63 /* FlixsterUITests */,
			);
		};
/* End PBXProject section */

/* Begin PBXResourcesBuildPhase section */
		15E4A6B922223E1500DA4F63 /* Resources */ = {
			isa = PBXResourcesBuildPhase;
			buildActionMask = 2147483647;
			files = (
				15E4A6C922223E1700DA4F63 /* LaunchScreen.storyboard in Resources */,
				15E4A6C622223E1700DA4F63 /* Assets.xcassets in Resources */,
				15E4A6C422223E1500DA4F63 /* Main.storyboard in Resources */,
			);
			runOnlyForDeploymentPostprocessing = 0;
		};
		15E4A6CD22223E1700DA4F63 /* Resources */ = {
			isa = PBXResourcesBuildPhase;
			buildActionMask = 2147483647;
			files = (
			);
			runOnlyForDeploymentPostprocessing = 0;
		};
		15E4A6D822223E1700DA4F63 /* Resources */ = {
			isa = PBXResourcesBuildPhase;
			buildActionMask = 2147483647;
			files = (
			);
			runOnlyForDeploymentPostprocessing = 0;
		};
/* End PBXResourcesBuildPhase section */

/* Begin PBXSourcesBuildPhase section */
		15E4A6B722223E1500DA4F63 /* Sources */ = {
			isa = PBXSourcesBuildPhase;
			buildActionMask = 2147483647;
			files = (
				15E4A6C122223E1500DA4F63 /* ViewController.swift in Sources */,
				15E4A6BF22223E1500DA4F63 /* AppDelegate.swift in Sources */,
			);
			runOnlyForDeploymentPostprocessing = 0;
		};
		15E4A6CB22223E1700DA4F63 /* Sources */ = {
			isa = PBXSourcesBuildPhase;
			buildActionMask = 2147483647;
			files = (
				15E4A6D422223E1700DA4F63 /* FlixsterTests.swift in Sources */,
			);
			runOnlyForDeploymentPostprocessing = 0;
		};
		15E4A6D622223E1700DA4F63 /* Sources */ = {
			isa = PBXSourcesBuildPhase;
			buildActionMask = 2147483647;
			files = (
				15E4A6DF22223E1700DA4F63 /* FlixsterUITests.swift in Sources */,
			);
			runOnlyForDeploymentPostprocessing = 0;
		};
/* End PBXSourcesBuildPhase section */

/* Begin PBXTargetDependency section */
		15E4A6D122223E1700DA4F63 /* PBXTargetDependency */ = {
			isa = PBXTargetDependency;
			target = 15E4A6BA22223E1500DA4F63 /* Flixster */;
			targetProxy = 15E4A6D022223E1700DA4F63 /* PBXContainerItemProxy */;
		};
		15E4A6DC22223E1700DA4F63 /* PBXTargetDependency */ = {
			isa = PBXTargetDependency;
			target = 15E4A6BA22223E1500DA4F63 /* Flixster */;
			targetProxy = 15E4A6DB22223E1700DA4F63 /* PBXContainerItemProxy */;
		};
/* End PBXTargetDependency section */

/* Begin PBXVariantGroup section */
		15E4A6C222223E1500DA4F63 /* Main.storyboard */ = {
			isa = PBXVariantGroup;
			children = (
				15E4A6C322223E1500DA4F63 /* Base */,
			);
			name = Main.storyboard;
			sourceTree = "<group>";
		};
		15E4A6C722223E1700DA4F63 /* LaunchScreen.storyboard */ = {
			isa = PBXVariantGroup;
			children = (
				15E4A6C822223E1700DA4F63 /* Base */,
			);
			name = LaunchScreen.storyboard;
			sourceTree = "<group>";
		};
/* End PBXVariantGroup section */

/* Begin XCBuildConfiguration section */
		15E4A6E122223E1700DA4F63 /* Debug */ = {
			isa = XCBuildConfiguration;
			buildSettings = {
				ALWAYS_SEARCH_USER_PATHS = NO;
				CLANG_ANALYZER_NONNULL = YES;
				CLANG_ANALYZER_NUMBER_OBJECT_CONVERSION = YES_AGGRESSIVE;
				CLANG_CXX_LANGUAGE_STANDARD = "gnu++14";
				CLANG_CXX_LIBRARY = "libc++";
				CLANG_ENABLE_MODULES = YES;
				CLANG_ENABLE_OBJC_ARC = YES;
				CLANG_ENABLE_OBJC_WEAK = YES;
				CLANG_WARN_BLOCK_CAPTURE_AUTORELEASING = YES;
				CLANG_WARN_BOOL_CONVERSION = YES;
				CLANG_WARN_COMMA = YES;
				CLANG_WARN_CONSTANT_CONVERSION = YES;
				CLANG_WARN_DEPRECATED_OBJC_IMPLEMENTATIONS = YES;
				CLANG_WARN_DIRECT_OBJC_ISA_USAGE = YES_ERROR;
				CLANG_WARN_DOCUMENTATION_COMMENTS = YES;
				CLANG_WARN_EMPTY_BODY = YES;
				CLANG_WARN_ENUM_CONVERSION = YES;
				CLANG_WARN_INFINITE_RECURSION = YES;
				CLANG_WARN_INT_CONVERSION = YES;
				CLANG_WARN_NON_LITERAL_NULL_CONVERSION = YES;
				CLANG_WARN_OBJC_IMPLICIT_RETAIN_SELF = YES;
				CLANG_WARN_OBJC_LITERAL_CONVERSION = YES;
				CLANG_WARN_OBJC_ROOT_CLASS = YES_ERROR;
				CLANG_WARN_RANGE_LOOP_ANALYSIS = YES;
				CLANG_WARN_STRICT_PROTOTYPES = YES;
				CLANG_WARN_SUSPICIOUS_MOVE = YES;
				CLANG_WARN_UNGUARDED_AVAILABILITY = YES_AGGRESSIVE;
				CLANG_WARN_UNREACHABLE_CODE = YES;
				CLANG_WARN__DUPLICATE_METHOD_MATCH = YES;
				CODE_SIGN_IDENTITY = "iPhone Developer";
				COPY_PHASE_STRIP = NO;
				DEBUG_INFORMATION_FORMAT = dwarf;
				ENABLE_STRICT_OBJC_MSGSEND = YES;
				ENABLE_TESTABILITY = YES;
				GCC_C_LANGUAGE_STANDARD = gnu11;
				GCC_DYNAMIC_NO_PIC = NO;
				GCC_NO_COMMON_BLOCKS = YES;
				GCC_OPTIMIZATION_LEVEL = 0;
				GCC_PREPROCESSOR_DEFINITIONS = (
					"DEBUG=1",
					"$(inherited)",
				);
				GCC_WARN_64_TO_32_BIT_CONVERSION = YES;
				GCC_WARN_ABOUT_RETURN_TYPE = YES_ERROR;
				GCC_WARN_UNDECLARED_SELECTOR = YES;
				GCC_WARN_UNINITIALIZED_AUTOS = YES_AGGRESSIVE;
				GCC_WARN_UNUSED_FUNCTION = YES;
				GCC_WARN_UNUSED_VARIABLE = YES;
				IPHONEOS_DEPLOYMENT_TARGET = 12.1;
				MTL_ENABLE_DEBUG_INFO = INCLUDE_SOURCE;
				MTL_FAST_MATH = YES;
				ONLY_ACTIVE_ARCH = YES;
				SDKROOT = iphoneos;
				SWIFT_ACTIVE_COMPILATION_CONDITIONS = DEBUG;
				SWIFT_OPTIMIZATION_LEVEL = "-Onone";
			};
			name = Debug;
		};
		15E4A6E222223E1700DA4F63 /* Release */ = {
			isa = XCBuildConfiguration;
			buildSettings = {
				ALWAYS_SEARCH_USER_PATHS = NO;
				CLANG_ANALYZER_NONNULL = YES;
				CLANG_ANALYZER_NUMBER_OBJECT_CONVERSION = YES_AGGRESSIVE;
				CLANG_CXX_LANGUAGE_STANDARD = "gnu++14";
				CLANG_CXX_LIBRARY = "libc++";
				CLANG_ENABLE_MODULES = YES;
				CLANG_ENABLE_OBJC_ARC = YES;
				CLANG_ENABLE_OBJC_WEAK = YES;
				CLANG_WARN_BLOCK_CAPTURE_AUTORELEASING = YES;
				CLANG_WARN_BOOL_CONVERSION = YES;
				CLANG_WARN_COMMA = YES;
				CLANG_WARN_CONSTANT_CONVERSION = YES;
				CLANG_WARN_DEPRECATED_OBJC_IMPLEMENTATIONS = YES;
				CLANG_WARN_DIRECT_OBJC_ISA_USAGE = YES_ERROR;
				CLANG_WARN_DOCUMENTATION_COMMENTS = YES;
				CLANG_WARN_EMPTY_BODY = YES;
				CLANG_WARN_ENUM_CONVERSION = YES;
				CLANG_WARN_INFINITE_RECURSION = YES;
				CLANG_WARN_INT_CONVERSION = YES;
				CLANG_WARN_NON_LITERAL_NULL_CONVERSION = YES;
				CLANG_WARN_OBJC_IMPLICIT_RETAIN_SELF = YES;
				CLANG_WARN_OBJC_LITERAL_CONVERSION = YES;
				CLANG_WARN_OBJC_ROOT_CLASS = YES_ERROR;
				CLANG_WARN_RANGE_LOOP_ANALYSIS = YES;
				CLANG_WARN_STRICT_PROTOTYPES = YES;
				CLANG_WARN_SUSPICIOUS_MOVE = YES;
				CLANG_WARN_UNGUARDED_AVAILABILITY = YES_AGGRESSIVE;
				CLANG_WARN_UNREACHABLE_CODE = YES;
				CLANG_WARN__DUPLICATE_METHOD_MATCH = YES;
				CODE_SIGN_IDENTITY = "iPhone Developer";
				COPY_PHASE_STRIP = NO;
				DEBUG_INFORMATION_FORMAT = "dwarf-with-dsym";
				ENABLE_NS_ASSERTIONS = NO;
				ENABLE_STRICT_OBJC_MSGSEND = YES;
				GCC_C_LANGUAGE_STANDARD = gnu11;
				GCC_NO_COMMON_BLOCKS = YES;
				GCC_WARN_64_TO_32_BIT_CONVERSION = YES;
				GCC_WARN_ABOUT_RETURN_TYPE = YES_ERROR;
				GCC_WARN_UNDECLARED_SELECTOR = YES;
				GCC_WARN_UNINITIALIZED_AUTOS = YES_AGGRESSIVE;
				GCC_WARN_UNUSED_FUNCTION = YES;
				GCC_WARN_UNUSED_VARIABLE = YES;
				IPHONEOS_DEPLOYMENT_TARGET = 12.1;
				MTL_ENABLE_DEBUG_INFO = NO;
				MTL_FAST_MATH = YES;
				SDKROOT = iphoneos;
				SWIFT_COMPILATION_MODE = wholemodule;
				SWIFT_OPTIMIZATION_LEVEL = "-O";
				VALIDATE_PRODUCT = YES;
			};
			name = Release;
		};
		15E4A6E422223E1700DA4F63 /* Debug */ = {
			isa = XCBuildConfiguration;
			buildSettings = {
				ASSETCATALOG_COMPILER_APPICON_NAME = AppIcon;
				CODE_SIGN_STYLE = Automatic;
				DEVELOPMENT_TEAM = PYLU47S959;
				INFOPLIST_FILE = Flixster/Info.plist;
				LD_RUNPATH_SEARCH_PATHS = (
					"$(inherited)",
					"@executable_path/Frameworks",
				);
				PRODUCT_BUNDLE_IDENTIFIER = Me.Flixster;
				PRODUCT_NAME = "$(TARGET_NAME)";
				SWIFT_VERSION = 4.2;
				TARGETED_DEVICE_FAMILY = "1,2";
			};
			name = Debug;
		};
		15E4A6E522223E1700DA4F63 /* Release */ = {
			isa = XCBuildConfiguration;
			buildSettings = {
				ASSETCATALOG_COMPILER_APPICON_NAME = AppIcon;
				CODE_SIGN_STYLE = Automatic;
				DEVELOPMENT_TEAM = PYLU47S959;
				INFOPLIST_FILE = Flixster/Info.plist;
				LD_RUNPATH_SEARCH_PATHS = (
					"$(inherited)",
					"@executable_path/Frameworks",
				);
				PRODUCT_BUNDLE_IDENTIFIER = Me.Flixster;
				PRODUCT_NAME = "$(TARGET_NAME)";
				SWIFT_VERSION = 4.2;
				TARGETED_DEVICE_FAMILY = "1,2";
			};
			name = Release;
		};
		15E4A6E722223E1700DA4F63 /* Debug */ = {
			isa = XCBuildConfiguration;
			buildSettings = {
				ALWAYS_EMBED_SWIFT_STANDARD_LIBRARIES = YES;
				BUNDLE_LOADER = "$(TEST_HOST)";
				CODE_SIGN_STYLE = Automatic;
				DEVELOPMENT_TEAM = PYLU47S959;
				INFOPLIST_FILE = FlixsterTests/Info.plist;
				LD_RUNPATH_SEARCH_PATHS = (
					"$(inherited)",
					"@executable_path/Frameworks",
					"@loader_path/Frameworks",
				);
				PRODUCT_BUNDLE_IDENTIFIER = Me.FlixsterTests;
				PRODUCT_NAME = "$(TARGET_NAME)";
				SWIFT_VERSION = 4.2;
				TARGETED_DEVICE_FAMILY = "1,2";
				TEST_HOST = "$(BUILT_PRODUCTS_DIR)/Flixster.app/Flixster";
			};
			name = Debug;
		};
		15E4A6E822223E1700DA4F63 /* Release */ = {
			isa = XCBuildConfiguration;
			buildSettings = {
				ALWAYS_EMBED_SWIFT_STANDARD_LIBRARIES = YES;
				BUNDLE_LOADER = "$(TEST_HOST)";
				CODE_SIGN_STYLE = Automatic;
				DEVELOPMENT_TEAM = PYLU47S959;
				INFOPLIST_FILE = FlixsterTests/Info.plist;
				LD_RUNPATH_SEARCH_PATHS = (
					"$(inherited)",
					"@executable_path/Frameworks",
					"@loader_path/Frameworks",
				);
				PRODUCT_BUNDLE_IDENTIFIER = Me.FlixsterTests;
				PRODUCT_NAME = "$(TARGET_NAME)";
				SWIFT_VERSION = 4.2;
				TARGETED_DEVICE_FAMILY = "1,2";
				TEST_HOST = "$(BUILT_PRODUCTS_DIR)/Flixster.app/Flixster";
			};
			name = Release;
		};
		15E4A6EA22223E1700DA4F63 /* Debug */ = {
			isa = XCBuildConfiguration;
			buildSettings = {
				ALWAYS_EMBED_SWIFT_STANDARD_LIBRARIES = YES;
				CODE_SIGN_STYLE = Automatic;
				DEVELOPMENT_TEAM = PYLU47S959;
				INFOPLIST_FILE = FlixsterUITests/Info.plist;
				LD_RUNPATH_SEARCH_PATHS = (
					"$(inherited)",
					"@executable_path/Frameworks",
					"@loader_path/Frameworks",
				);
				PRODUCT_BUNDLE_IDENTIFIER = Me.FlixsterUITests;
				PRODUCT_NAME = "$(TARGET_NAME)";
				SWIFT_VERSION = 4.2;
				TARGETED_DEVICE_FAMILY = "1,2";
				TEST_TARGET_NAME = Flixster;
			};
			name = Debug;
		};
		15E4A6EB22223E1700DA4F63 /* Release */ = {
			isa = XCBuildConfiguration;
			buildSettings = {
				ALWAYS_EMBED_SWIFT_STANDARD_LIBRARIES = YES;
				CODE_SIGN_STYLE = Automatic;
				DEVELOPMENT_TEAM = PYLU47S959;
				INFOPLIST_FILE = FlixsterUITests/Info.plist;
				LD_RUNPATH_SEARCH_PATHS = (
					"$(inherited)",
					"@executable_path/Frameworks",
					"@loader_path/Frameworks",
				);
				PRODUCT_BUNDLE_IDENTIFIER = Me.FlixsterUITests;
				PRODUCT_NAME = "$(TARGET_NAME)";
				SWIFT_VERSION = 4.2;
				TARGETED_DEVICE_FAMILY = "1,2";
				TEST_TARGET_NAME = Flixster;
			};
			name = Release;
		};
/* End XCBuildConfiguration section */

/* Begin XCConfigurationList section */
		15E4A6B622223E1500DA4F63 /* Build configuration list for PBXProject "Flixster" */ = {
			isa = XCConfigurationList;
			buildConfigurations = (
				15E4A6E122223E1700DA4F63 /* Debug */,
				15E4A6E222223E1700DA4F63 /* Release */,
			);
			defaultConfigurationIsVisible = 0;
			defaultConfigurationName = Release;
		};
		15E4A6E322223E1700DA4F63 /* Build configuration list for PBXNativeTarget "Flixster" */ = {
			isa = XCConfigurationList;
			buildConfigurations = (
				15E4A6E422223E1700DA4F63 /* Debug */,
				15E4A6E522223E1700DA4F63 /* Release */,
			);
			defaultConfigurationIsVisible = 0;
			defaultConfigurationName = Release;
		};
		15E4A6E622223E1700DA4F63 /* Build configuration list for PBXNativeTarget "FlixsterTests" */ = {
			isa = XCConfigurationList;
			buildConfigurations = (
				15E4A6E722223E1700DA4F63 /* Debug */,
				15E4A6E822223E1700DA4F63 /* Release */,
			);
			defaultConfigurationIsVisible = 0;
			defaultConfigurationName = Release;
		};
		15E4A6E922223E1700DA4F63 /* Build configuration list for PBXNativeTarget "FlixsterUITests" */ = {
			isa = XCConfigurationList;
			buildConfigurations = (
				15E4A6EA22223E1700DA4F63 /* Debug */,
				15E4A6EB22223E1700DA4F63 /* Release */,
			);
			defaultConfigurationIsVisible = 0;
			defaultConfigurationName = Release;
		};
/* End XCConfigurationList section */
	};
	rootObject = 15E4A6B322223E1500DA4F63 /* Project object */;
}
